<?xml version="1.0" encoding="utf-8"?>
<Project ToolsVersion="4.0" xmlns="http://schemas.microsoft.com/developer/msbuild/2003">
  <ItemGroup>
    <ClInclude Include="type_define.h" />
    <ClInclude Include="plua.h" />
    <ClInclude Include="const_define.h" />
    <ClInclude Include="plog.h" />
    <ClInclude Include="log_manager.h" />
    <ClInclude Include="config.h" />
    <ClInclude Include="macro_define.h" />
    <ClInclude Include="script_test.h" />
    <ClInclude Include="swig_wrap.h" />
    <ClInclude Include="luatest.h" />
    <ClInclude Include="sql_manager.h" />
    <ClInclude Include="psignal.h" />
    <ClInclude Include="time_manager.h" />
    <ClInclude Include="event_manager.h" />
    <ClInclude Include="pevent.h" />
    <ClInclude Include="db.h" />
    <ClInclude Include="db_manager.h" />
    <ClInclude Include="server.h" />
  </ItemGroup>
  <ItemGroup>
    <ClCompile Include="main.cpp" />
    <ClCompile Include="plua.cpp" />
    <ClCompile Include="const_define.cpp" />
    <ClCompile Include="plog.cpp" />
    <ClCompile Include="log_manager.cpp" />
    <ClCompile Include="config.cpp" />
    <ClCompile Include="swig_wrap.cpp" />
    <ClCompile Include="luatest.cpp" />
    <ClCompile Include="sql_manager.cpp" />
    <ClCompile Include="psignal.cpp" />
    <ClCompile Include="time_manager.cpp" />
    <ClCompile Include="event_manager.cpp" />
    <ClCompile Include="pevent.cpp" />
    <ClCompile Include="db.cpp" />
    <ClCompile Include="db_manager.cpp" />
    <ClCompile Include="server.cpp" />
  </ItemGroup>
  <ItemGroup>
    <None Include="build.sh" />
    <None Include="swig_wrap.i" />
    <None Include="makefile" />
    <None Include="config.lua" />
  </ItemGroup>
  <ItemGroup>
    <Text Include="readme.txt" />
  </ItemGroup>
</Project>